
Microsoft Visual Studio Solution File, Format Version 12.00
# Visual Studio Version 18
VisualStudioVersion = 18.5.11716.220 stable
MinimumVisualStudioVersion = 10.0.40219.1
Project("{2150E333-8FDC-42A3-9474-1A3956D46DE8}") = "Creational", "Creational", "{02EA681E-C7D8-13C7-8484-4AC65E1B71E8}"
EndProject
Project("{FAE04EC0-301F-11D3-BF4B-00C04F79EFBC}") = "Singleton.ThreadUnsave", "SingletoneThreadUnsave\Singleton.ThreadUnsave.csproj", "{4AE60031-BE3B-4D92-B0E0-0C17F572907C}"
EndProject
Project("{FAE04EC0-301F-11D3-BF4B-00C04F79EFBC}") = "Singleton.ThreadsaveUsinglock", "Singleton.ThreadsaveUsinglock\Singleton.ThreadsaveUsinglock.csproj", "{860BAC65-7F7F-40C4-A073-CEF08830DD6A}"
EndProject
Project("{2150E333-8FDC-42A3-9474-1A3956D46DE8}") = "singletone", "singletone", "{C5C05E22-C434-48C9-905A-7A19158E11CD}"
EndProject
Project("{FAE04EC0-301F-11D3-BF4B-00C04F79EFBC}") = "Singleton.ThreadSaveDoubleCheck", "Singleton.ThreadSaveDoubleCheck\Singleton.ThreadSaveDoubleCheck.csproj", "{52FECBC2-34C3-4A34-AD73-0B530B7C7FF7}"
EndProject
Project("{FAE04EC0-301F-11D3-BF4B-00C04F79EFBC}") = "Sengleton.Eagerloading", "Sengleton.Eagerloading\Sengleton.Eagerloading.csproj", "{9B82B0F0-E466-496E-8750-07463B17B64A}"
EndProject
Project("{FAE04EC0-301F-11D3-BF4B-00C04F79EFBC}") = "Singleton.LazyLoading", "Singleton.LazyLoading\Singleton.LazyLoading.csproj", "{F02706F8-F813-47B5-B232-DBE1A8C13768}"
EndProject
Project("{2150E333-8FDC-42A3-9474-1A3956D46DE8}") = "Factory", "Factory", "{19B8588A-B7B0-4C3F-BADC-126E387F72A0}"
EndProject
Project("{FAE04EC0-301F-11D3-BF4B-00C04F79EFBC}") = "Factory.Sample", "Factory.Sample\Factory.Sample.csproj", "{0713D28D-0EE9-4A44-BCB1-784F9491C69A}"
EndProject
Project("{FAE04EC0-301F-11D3-BF4B-00C04F79EFBC}") = "Factory.Abstract", "Factory.Abstract\Factory.Abstract.csproj", "{CE80A992-CDB9-4D46-8CBB-8B37D08C4DDE}"
EndProject
Project("{2150E333-8FDC-42A3-9474-1A3956D46DE8}") = "Structural", "Structural", "{3376288B-7F3C-47AB-B555-BF7E7F7B86C5}"
EndProject
Project("{2150E333-8FDC-42A3-9474-1A3956D46DE8}") = "Adapter", "Adapter", "{C57FD880-1540-42F5-A50A-4F511C8F36C2}"
EndProject
Project("{FAE04EC0-301F-11D3-BF4B-00C04F79EFBC}") = "Adapter.Project", "Adapter.Project\Adapter.Project.csproj", "{DD67728E-95DA-4E69-9D71-59E7212CB852}"
EndProject
Project("{FAE04EC0-301F-11D3-BF4B-00C04F79EFBC}") = "Adapter.Legacy", "Adapter.Legacy\Adapter.Legacy.csproj", "{5D0BD3CC-085D-4189-9C79-1CE848E470D8}"
EndProject
Global
	GlobalSection(SolutionConfigurationPlatforms) = preSolution
		Debug|Any CPU = Debug|Any CPU
		Release|Any CPU = Release|Any CPU
	EndGlobalSection
	GlobalSection(ProjectConfigurationPlatforms) = postSolution
		{4AE60031-BE3B-4D92-B0E0-0C17F572907C}.Debug|Any CPU.ActiveCfg = Debug|Any CPU
		{4AE60031-BE3B-4D92-B0E0-0C17F572907C}.Debug|Any CPU.Build.0 = Debug|Any CPU
		{4AE60031-BE3B-4D92-B0E0-0C17F572907C}.Release|Any CPU.ActiveCfg = Release|Any CPU
		{4AE60031-BE3B-4D92-B0E0-0C17F572907C}.Release|Any CPU.Build.0 = Release|Any CPU
		{860BAC65-7F7F-40C4-A073-CEF08830DD6A}.Debug|Any CPU.ActiveCfg = Debug|Any CPU
		{860BAC65-7F7F-40C4-A073-CEF08830DD6A}.Debug|Any CPU.Build.0 = Debug|Any CPU
		{860BAC65-7F7F-40C4-A073-CEF08830DD6A}.Release|Any CPU.ActiveCfg = Release|Any CPU
		{860BAC65-7F7F-40C4-A073-CEF08830DD6A}.Release|Any CPU.Build.0 = Release|Any CPU
		{52FECBC2-34C3-4A34-AD73-0B530B7C7FF7}.Debug|Any CPU.ActiveCfg = Debug|Any CPU
		{52FECBC2-34C3-4A34-AD73-0B530B7C7FF7}.Debug|Any CPU.Build.0 = Debug|Any CPU
		{52FECBC2-34C3-4A34-AD73-0B530B7C7FF7}.Release|Any CPU.ActiveCfg = Release|Any CPU
		{52FECBC2-34C3-4A34-AD73-0B530B7C7FF7}.Release|Any CPU.Build.0 = Release|Any CPU
		{9B82B0F0-E466-496E-8750-07463B17B64A}.Debug|Any CPU.ActiveCfg = Debug|Any CPU
		{9B82B0F0-E466-496E-8750-07463B17B64A}.Debug|Any CPU.Build.0 = Debug|Any CPU
		{9B82B0F0-E466-496E-8750-07463B17B64A}.Release|Any CPU.ActiveCfg = Release|Any CPU
		{9B82B0F0-E466-496E-8750-07463B17B64A}.Release|Any CPU.Build.0 = Release|Any CPU
		{F02706F8-F813-47B5-B232-DBE1A8C13768}.Debug|Any CPU.ActiveCfg = Debug|Any CPU
		{F02706F8-F813-47B5-B232-DBE1A8C13768}.Debug|Any CPU.Build.0 = Debug|Any CPU
		{F02706F8-F813-47B5-B232-DBE1A8C13768}.Release|Any CPU.ActiveCfg = Release|Any CPU
		{F02706F8-F813-47B5-B232-DBE1A8C13768}.Release|Any CPU.Build.0 = Release|Any CPU
		{0713D28D-0EE9-4A44-BCB1-784F9491C69A}.Debug|Any CPU.ActiveCfg = Debug|Any CPU
		{0713D28D-0EE9-4A44-BCB1-784F9491C69A}.Debug|Any CPU.Build.0 = Debug|Any CPU
		{0713D28D-0EE9-4A44-BCB1-784F9491C69A}.Release|Any CPU.ActiveCfg = Release|Any CPU
		{0713D28D-0EE9-4A44-BCB1-784F9491C69A}.Release|Any CPU.Build.0 = Release|Any CPU
		{CE80A992-CDB9-4D46-8CBB-8B37D08C4DDE}.Debug|Any CPU.ActiveCfg = Debug|Any CPU
		{CE80A992-CDB9-4D46-8CBB-8B37D08C4DDE}.Debug|Any CPU.Build.0 = Debug|Any CPU
		{CE80A992-CDB9-4D46-8CBB-8B37D08C4DDE}.Release|Any CPU.ActiveCfg = Release|Any CPU
		{CE80A992-CDB9-4D46-8CBB-8B37D08C4DDE}.Release|Any CPU.Build.0 = Release|Any CPU
		{DD67728E-95DA-4E69-9D71-59E7212CB852}.Debug|Any CPU.ActiveCfg = Debug|Any CPU
		{DD67728E-95DA-4E69-9D71-59E7212CB852}.Debug|Any CPU.Build.0 = Debug|Any CPU
		{DD67728E-95DA-4E69-9D71-59E7212CB852}.Release|Any CPU.ActiveCfg = Release|Any CPU
		{DD67728E-95DA-4E69-9D71-59E7212CB852}.Release|Any CPU.Build.0 = Release|Any CPU
		{5D0BD3CC-085D-4189-9C79-1CE848E470D8}.Debug|Any CPU.ActiveCfg = Debug|Any CPU
		{5D0BD3CC-085D-4189-9C79-1CE848E470D8}.Debug|Any CPU.Build.0 = Debug|Any CPU
		{5D0BD3CC-085D-4189-9C79-1CE848E470D8}.Release|Any CPU.ActiveCfg = Release|Any CPU
		{5D0BD3CC-085D-4189-9C79-1CE848E470D8}.Release|Any CPU.Build.0 = Release|Any CPU
	EndGlobalSection
	GlobalSection(SolutionProperties) = preSolution
		HideSolutionNode = FALSE
	EndGlobalSection
	GlobalSection(NestedProjects) = preSolution
		{4AE60031-BE3B-4D92-B0E0-0C17F572907C} = {C5C05E22-C434-48C9-905A-7A19158E11CD}
		{860BAC65-7F7F-40C4-A073-CEF08830DD6A} = {C5C05E22-C434-48C9-905A-7A19158E11CD}
		{C5C05E22-C434-48C9-905A-7A19158E11CD} = {02EA681E-C7D8-13C7-8484-4AC65E1B71E8}
		{52FECBC2-34C3-4A34-AD73-0B530B7C7FF7} = {C5C05E22-C434-48C9-905A-7A19158E11CD}
		{9B82B0F0-E466-496E-8750-07463B17B64A} = {C5C05E22-C434-48C9-905A-7A19158E11CD}
		{F02706F8-F813-47B5-B232-DBE1A8C13768} = {C5C05E22-C434-48C9-905A-7A19158E11CD}
		{19B8588A-B7B0-4C3F-BADC-126E387F72A0} = {02EA681E-C7D8-13C7-8484-4AC65E1B71E8}
		{0713D28D-0EE9-4A44-BCB1-784F9491C69A} = {19B8588A-B7B0-4C3F-BADC-126E387F72A0}
		{CE80A992-CDB9-4D46-8CBB-8B37D08C4DDE} = {19B8588A-B7B0-4C3F-BADC-126E387F72A0}
		{C57FD880-1540-42F5-A50A-4F511C8F36C2} = {3376288B-7F3C-47AB-B555-BF7E7F7B86C5}
		{DD67728E-95DA-4E69-9D71-59E7212CB852} = {C57FD880-1540-42F5-A50A-4F511C8F36C2}
		{5D0BD3CC-085D-4189-9C79-1CE848E470D8} = {C57FD880-1540-42F5-A50A-4F511C8F36C2}
	EndGlobalSection
	GlobalSection(ExtensibilityGlobals) = postSolution
		SolutionGuid = {D196CBDF-638D-4769-B77B-BB0027284EBB}
	EndGlobalSection
EndGlobal
